
Microsoft Visual Studio Solution File, Format Version 12.00
# Visual Studio Version 16
VisualStudioVersion = 16.0.31005.135
MinimumVisualStudioVersion = 10.0.40219.1
Project("{FAE04EC0-301F-11D3-BF4B-00C04F79EFBC}") = "Ejercicio 3", "Ejercicio 3\Ejercicio 3.csproj", "{B4FEBF9E-156D-462F-B45B-D5BE9C440011}"
EndProject
Global
	GlobalSection(SolutionConfigurationPlatforms) = preSolution
		Debug|Any CPU = Debug|Any CPU
		Release|Any CPU = Release|Any CPU
	EndGlobalSection
	GlobalSection(ProjectConfigurationPlatforms) = postSolution
		{B4FEBF9E-156D-462F-B45B-D5BE9C440011}.Debug|Any CPU.ActiveCfg = Debug|Any CPU
		{B4FEBF9E-156D-462F-B45B-D5BE9C440011}.Debug|Any CPU.Build.0 = Debug|Any CPU
		{B4FEBF9E-156D-462F-B45B-D5BE9C440011}.Release|Any CPU.ActiveCfg = Release|Any CPU
		{B4FEBF9E-156D-462F-B45B-D5BE9C440011}.Release|Any CPU.Build.0 = Release|Any CPU
	EndGlobalSection
	GlobalSection(SolutionProperties) = preSolution
		HideSolutionNode = FALSE
	EndGlobalSection
	GlobalSection(ExtensibilityGlobals) = postSolution
		SolutionGuid = {01B42C72-2E92-4651-9B41-27508D999FE0}
	EndGlobalSection
EndGlobal
